// !$*UTF8*$!
{
	archiveVersion = 1;
	classes = {
	};
	objectVersion = 48;
	objects = {

/* Begin PBXBuildFile section */
		5D016BED1F912F4600D9FCB1 /* AppDelegate.swift in Sources */ = {isa = PBXBuildFile; fileRef = 5D016BEC1F912F4600D9FCB1 /* AppDelegate.swift */; };
		5D016BEF1F912F4600D9FCB1 /* ViewController.swift in Sources */ = {isa = PBXBuildFile; fileRef = 5D016BEE1F912F4600D9FCB1 /* ViewController.swift */; };
		5D016BF21F912F4600D9FCB1 /* Main.storyboard in Resources */ = {isa = PBXBuildFile; fileRef = 5D016BF01F912F4600D9FCB1 /* Main.storyboard */; };
		5D016BF71F912F4600D9FCB1 /* LaunchScreen.storyboard in Resources */ = {isa = PBXBuildFile; fileRef = 5D016BF51F912F4600D9FCB1 /* LaunchScreen.storyboard */; };
		5D016BFF1F91373900D9FCB1 /* Model.swift in Sources */ = {isa = PBXBuildFile; fileRef = 5D016BFE1F91373900D9FCB1 /* Model.swift */; };
		5D016C021F913B1B00D9FCB1 /* ContactsTableViewController.swift in Sources */ = {isa = PBXBuildFile; fileRef = 5D016C011F913B1B00D9FCB1 /* ContactsTableViewController.swift */; };
		5D016C041F913CED00D9FCB1 /* Constants.swift in Sources */ = {isa = PBXBuildFile; fileRef = 5D016C031F913CED00D9FCB1 /* Constants.swift */; };
		5D016C061F913FD700D9FCB1 /* ContactTableViewCell.swift in Sources */ = {isa = PBXBuildFile; fileRef = 5D016C051F913FD700D9FCB1 /* ContactTableViewCell.swift */; };
		5D016C081F91403000D9FCB1 /* ContactDetailViewController.swift in Sources */ = {isa = PBXBuildFile; fileRef = 5D016C071F91403000D9FCB1 /* ContactDetailViewController.swift */; };
		5D016C0A1F91491000D9FCB1 /* WatchConnectivityManager.swift in Sources */ = {isa = PBXBuildFile; fileRef = 5D016C091F91491000D9FCB1 /* WatchConnectivityManager.swift */; };
		5D016C111F91494900D9FCB1 /* Interface.storyboard in Resources */ = {isa = PBXBuildFile; fileRef = 5D016C0F1F91494900D9FCB1 /* Interface.storyboard */; };
		5D016C131F91494900D9FCB1 /* Assets.xcassets in Resources */ = {isa = PBXBuildFile; fileRef = 5D016C121F91494900D9FCB1 /* Assets.xcassets */; };
		5D016C1A1F91494A00D9FCB1 /* watchTracker Extension.appex in Embed App Extensions */ = {isa = PBXBuildFile; fileRef = 5D016C191F91494A00D9FCB1 /* watchTracker Extension.appex */; settings = {ATTRIBUTES = (RemoveHeadersOnCopy, ); }; };
		5D016C1F1F91494A00D9FCB1 /* InterfaceController.swift in Sources */ = {isa = PBXBuildFile; fileRef = 5D016C1E1F91494A00D9FCB1 /* InterfaceController.swift */; };
		5D016C211F91494A00D9FCB1 /* ExtensionDelegate.swift in Sources */ = {isa = PBXBuildFile; fileRef = 5D016C201F91494A00D9FCB1 /* ExtensionDelegate.swift */; };
		5D016C231F91494A00D9FCB1 /* ComplicationController.swift in Sources */ = {isa = PBXBuildFile; fileRef = 5D016C221F91494A00D9FCB1 /* ComplicationController.swift */; };
		5D016C251F91494A00D9FCB1 /* Assets.xcassets in Resources */ = {isa = PBXBuildFile; fileRef = 5D016C241F91494A00D9FCB1 /* Assets.xcassets */; };
		5D016C291F91494A00D9FCB1 /* watchTracker.app in Embed Watch Content */ = {isa = PBXBuildFile; fileRef = 5D016C0D1F91494900D9FCB1 /* watchTracker.app */; };
		5D016C321F9149A100D9FCB1 /* Assets.xcassets in Resources */ = {isa = PBXBuildFile; fileRef = 5D016BF31F912F4600D9FCB1 /* Assets.xcassets */; };
		5D016C331F914C1000D9FCB1 /* Assets.xcassets in Resources */ = {isa = PBXBuildFile; fileRef = 5D016BF31F912F4600D9FCB1 /* Assets.xcassets */; };
		5D016C341F91528500D9FCB1 /* Model.swift in Sources */ = {isa = PBXBuildFile; fileRef = 5D016BFE1F91373900D9FCB1 /* Model.swift */; };
		5D016C351F9152D500D9FCB1 /* Constants.swift in Sources */ = {isa = PBXBuildFile; fileRef = 5D016C031F913CED00D9FCB1 /* Constants.swift */; };
		5D016C381F94F2F600D9FCB1 /* Assets.xcassets in Resources */ = {isa = PBXBuildFile; fileRef = 5D016BF31F912F4600D9FCB1 /* Assets.xcassets */; };
		5D016C391F94F32D00D9FCB1 /* Assets.xcassets in Resources */ = {isa = PBXBuildFile; fileRef = 5D016C121F91494900D9FCB1 /* Assets.xcassets */; };
/* End PBXBuildFile section */

/* Begin PBXContainerItemProxy section */
		5D016C1B1F91494A00D9FCB1 /* PBXContainerItemProxy */ = {
			isa = PBXContainerItemProxy;
			containerPortal = 5D016BE11F912F4600D9FCB1 /* Project object */;
			proxyType = 1;
			remoteGlobalIDString = 5D016C181F91494A00D9FCB1;
			remoteInfo = "watchTracker Extension";
		};
		5D016C271F91494A00D9FCB1 /* PBXContainerItemProxy */ = {
			isa = PBXContainerItemProxy;
			containerPortal = 5D016BE11F912F4600D9FCB1 /* Project object */;
			proxyType = 1;
			remoteGlobalIDString = 5D016C0C1F91494900D9FCB1;
			remoteInfo = watchTracker;
		};
/* End PBXContainerItemProxy section */

/* Begin PBXCopyFilesBuildPhase section */
		5D016C2D1F91494A00D9FCB1 /* Embed App Extensions */ = {
			isa = PBXCopyFilesBuildPhase;
			buildActionMask = 2147483647;
			dstPath = "";
			dstSubfolderSpec = 13;
			files = (
				5D016C1A1F91494A00D9FCB1 /* watchTracker Extension.appex in Embed App Extensions */,
			);
			name = "Embed App Extensions";
			runOnlyForDeploymentPostprocessing = 0;
		};
		5D016C311F91494A00D9FCB1 /* Embed Watch Content */ = {
			isa = PBXCopyFilesBuildPhase;
			buildActionMask = 2147483647;
			dstPath = "$(CONTENTS_FOLDER_PATH)/Watch";
			dstSubfolderSpec = 16;
			files = (
				5D016C291F91494A00D9FCB1 /* watchTracker.app in Embed Watch Content */,
			);
			name = "Embed Watch Content";
			runOnlyForDeploymentPostprocessing = 0;
		};
/* End PBXCopyFilesBuildPhase section */

/* Begin PBXFileReference section */
		5D016BE91F912F4600D9FCB1 /* findFriendsGOT.app */ = {isa = PBXFileReference; explicitFileType = wrapper.application; includeInIndex = 0; path = findFriendsGOT.app; sourceTree = BUILT_PRODUCTS_DIR; };
		5D016BEC1F912F4600D9FCB1 /* AppDelegate.swift */ = {isa = PBXFileReference; lastKnownFileType = sourcecode.swift; path = AppDelegate.swift; sourceTree = "<group>"; };
		5D016BEE1F912F4600D9FCB1 /* ViewController.swift */ = {isa = PBXFileReference; lastKnownFileType = sourcecode.swift; path = ViewController.swift; sourceTree = "<group>"; };
		5D016BF11F912F4600D9FCB1 /* Base */ = {isa = PBXFileReference; lastKnownFileType = file.storyboard; name = Base; path = Base.lproj/Main.storyboard; sourceTree = "<group>"; };
		5D016BF31F912F4600D9FCB1 /* Assets.xcassets */ = {isa = PBXFileReference; lastKnownFileType = folder.assetcatalog; path = Assets.xcassets; sourceTree = "<group>"; };
		5D016BF61F912F4600D9FCB1 /* Base */ = {isa = PBXFileReference; lastKnownFileType = file.storyboard; name = Base; path = Base.lproj/LaunchScreen.storyboard; sourceTree = "<group>"; };
		5D016BF81F912F4600D9FCB1 /* Info.plist */ = {isa = PBXFileReference; lastKnownFileType = text.plist.xml; path = Info.plist; sourceTree = "<group>"; };
		5D016BFE1F91373900D9FCB1 /* Model.swift */ = {isa = PBXFileReference; lastKnownFileType = sourcecode.swift; path = Model.swift; sourceTree = "<group>"; };
		5D016C011F913B1B00D9FCB1 /* ContactsTableViewController.swift */ = {isa = PBXFileReference; lastKnownFileType = sourcecode.swift; path = ContactsTableViewController.swift; sourceTree = "<group>"; };
		5D016C031F913CED00D9FCB1 /* Constants.swift */ = {isa = PBXFileReference; lastKnownFileType = sourcecode.swift; path = Constants.swift; sourceTree = "<group>"; };
		5D016C051F913FD700D9FCB1 /* ContactTableViewCell.swift */ = {isa = PBXFileReference; lastKnownFileType = sourcecode.swift; path = ContactTableViewCell.swift; sourceTree = "<group>"; };
		5D016C071F91403000D9FCB1 /* ContactDetailViewController.swift */ = {isa = PBXFileReference; lastKnownFileType = sourcecode.swift; path = ContactDetailViewController.swift; sourceTree = "<group>"; };
		5D016C091F91491000D9FCB1 /* WatchConnectivityManager.swift */ = {isa = PBXFileReference; lastKnownFileType = sourcecode.swift; path = WatchConnectivityManager.swift; sourceTree = "<group>"; };
		5D016C0D1F91494900D9FCB1 /* watchTracker.app */ = {isa = PBXFileReference; explicitFileType = wrapper.application; includeInIndex = 0; path = watchTracker.app; sourceTree = BUILT_PRODUCTS_DIR; };
		5D016C101F91494900D9FCB1 /* Base */ = {isa = PBXFileReference; lastKnownFileType = file.storyboard; name = Base; path = Base.lproj/Interface.storyboard; sourceTree = "<group>"; };
		5D016C121F91494900D9FCB1 /* Assets.xcassets */ = {isa = PBXFileReference; lastKnownFileType = folder.assetcatalog; path = Assets.xcassets; sourceTree = "<group>"; };
		5D016C141F91494900D9FCB1 /* Info.plist */ = {isa = PBXFileReference; lastKnownFileType = text.plist.xml; path = Info.plist; sourceTree = "<group>"; };
		5D016C191F91494A00D9FCB1 /* watchTracker Extension.appex */ = {isa = PBXFileReference; explicitFileType = "wrapper.app-extension"; includeInIndex = 0; path = "watchTracker Extension.appex"; sourceTree = BUILT_PRODUCTS_DIR; };
		5D016C1E1F91494A00D9FCB1 /* InterfaceController.swift */ = {isa = PBXFileReference; lastKnownFileType = sourcecode.swift; path = InterfaceController.swift; sourceTree = "<group>"; };
		5D016C201F91494A00D9FCB1 /* ExtensionDelegate.swift */ = {isa = PBXFileReference; lastKnownFileType = sourcecode.swift; path = ExtensionDelegate.swift; sourceTree = "<group>"; };
		5D016C221F91494A00D9FCB1 /* ComplicationController.swift */ = {isa = PBXFileReference; lastKnownFileType = sourcecode.swift; path = ComplicationController.swift; sourceTree = "<group>"; };
		5D016C241F91494A00D9FCB1 /* Assets.xcassets */ = {isa = PBXFileReference; lastKnownFileType = folder.assetcatalog; path = Assets.xcassets; sourceTree = "<group>"; };
		5D016C261F91494A00D9FCB1 /* Info.plist */ = {isa = PBXFileReference; lastKnownFileType = text.plist.xml; path = Info.plist; sourceTree = "<group>"; };
/* End PBXFileReference section */

/* Begin PBXFrameworksBuildPhase section */
		5D016BE61F912F4600D9FCB1 /* Frameworks */ = {
			isa = PBXFrameworksBuildPhase;
			buildActionMask = 2147483647;
			files = (
			);
			runOnlyForDeploymentPostprocessing = 0;
		};
		5D016C161F91494A00D9FCB1 /* Frameworks */ = {
			isa = PBXFrameworksBuildPhase;
			buildActionMask = 2147483647;
			files = (
			);
			runOnlyForDeploymentPostprocessing = 0;
		};
/* End PBXFrameworksBuildPhase section */

/* Begin PBXGroup section */
		5D016BE01F912F4600D9FCB1 = {
			isa = PBXGroup;
			children = (
				5D016BEB1F912F4600D9FCB1 /* findFriendsGOT */,
				5D016C0E1F91494900D9FCB1 /* watchTracker */,
				5D016C1D1F91494A00D9FCB1 /* watchTracker Extension */,
				5D016BEA1F912F4600D9FCB1 /* Products */,
			);
			sourceTree = "<group>";
		};
		5D016BEA1F912F4600D9FCB1 /* Products */ = {
			isa = PBXGroup;
			children = (
				5D016BE91F912F4600D9FCB1 /* findFriendsGOT.app */,
				5D016C0D1F91494900D9FCB1 /* watchTracker.app */,
				5D016C191F91494A00D9FCB1 /* watchTracker Extension.appex */,
			);
			name = Products;
			sourceTree = "<group>";
		};
		5D016BEB1F912F4600D9FCB1 /* findFriendsGOT */ = {
			isa = PBXGroup;
			children = (
				5D016BEC1F912F4600D9FCB1 /* AppDelegate.swift */,
				5D016BEE1F912F4600D9FCB1 /* ViewController.swift */,
				5D016C011F913B1B00D9FCB1 /* ContactsTableViewController.swift */,
				5D016C051F913FD700D9FCB1 /* ContactTableViewCell.swift */,
				5D016C071F91403000D9FCB1 /* ContactDetailViewController.swift */,
				5D016C091F91491000D9FCB1 /* WatchConnectivityManager.swift */,
				5D016BF31F912F4600D9FCB1 /* Assets.xcassets */,
				5D016BF01F912F4600D9FCB1 /* Main.storyboard */,
				5D016BF51F912F4600D9FCB1 /* LaunchScreen.storyboard */,
				5D016BF81F912F4600D9FCB1 /* Info.plist */,
				5D016BFE1F91373900D9FCB1 /* Model.swift */,
				5D016C031F913CED00D9FCB1 /* Constants.swift */,
			);
			path = findFriendsGOT;
			sourceTree = "<group>";
		};
		5D016C0E1F91494900D9FCB1 /* watchTracker */ = {
			isa = PBXGroup;
			children = (
				5D016C0F1F91494900D9FCB1 /* Interface.storyboard */,
				5D016C121F91494900D9FCB1 /* Assets.xcassets */,
				5D016C141F91494900D9FCB1 /* Info.plist */,
			);
			path = watchTracker;
			sourceTree = "<group>";
		};
		5D016C1D1F91494A00D9FCB1 /* watchTracker Extension */ = {
			isa = PBXGroup;
			children = (
				5D016C201F91494A00D9FCB1 /* ExtensionDelegate.swift */,
				5D016C1E1F91494A00D9FCB1 /* InterfaceController.swift */,
				5D016C221F91494A00D9FCB1 /* ComplicationController.swift */,
				5D016C241F91494A00D9FCB1 /* Assets.xcassets */,
				5D016C261F91494A00D9FCB1 /* Info.plist */,
			);
			path = "watchTracker Extension";
			sourceTree = "<group>";
		};
/* End PBXGroup section */

/* Begin PBXNativeTarget section */
		5D016BE81F912F4600D9FCB1 /* findFriendsGOT */ = {
			isa = PBXNativeTarget;
			buildConfigurationList = 5D016BFB1F912F4600D9FCB1 /* Build configuration list for PBXNativeTarget "findFriendsGOT" */;
			buildPhases = (
				5D016BE51F912F4600D9FCB1 /* Sources */,
				5D016BE61F912F4600D9FCB1 /* Frameworks */,
				5D016BE71F912F4600D9FCB1 /* Resources */,
				5D016C311F91494A00D9FCB1 /* Embed Watch Content */,
			);
			buildRules = (
			);
			dependencies = (
				5D016C281F91494A00D9FCB1 /* PBXTargetDependency */,
			);
			name = findFriendsGOT;
			productName = findFriendsGOT;
			productReference = 5D016BE91F912F4600D9FCB1 /* findFriendsGOT.app */;
			productType = "com.apple.product-type.application";
		};
		5D016C0C1F91494900D9FCB1 /* watchTracker */ = {
			isa = PBXNativeTarget;
			buildConfigurationList = 5D016C2E1F91494A00D9FCB1 /* Build configuration list for PBXNativeTarget "watchTracker" */;
			buildPhases = (
				5D016C0B1F91494900D9FCB1 /* Resources */,
				5D016C2D1F91494A00D9FCB1 /* Embed App Extensions */,
			);
			buildRules = (
			);
			dependencies = (
				5D016C1C1F91494A00D9FCB1 /* PBXTargetDependency */,
			);
			name = watchTracker;
			productName = watchTracker;
			productReference = 5D016C0D1F91494900D9FCB1 /* watchTracker.app */;
			productType = "com.apple.product-type.application.watchapp2";
		};
		5D016C181F91494A00D9FCB1 /* watchTracker Extension */ = {
			isa = PBXNativeTarget;
			buildConfigurationList = 5D016C2A1F91494A00D9FCB1 /* Build configuration list for PBXNativeTarget "watchTracker Extension" */;
			buildPhases = (
				5D016C151F91494A00D9FCB1 /* Sources */,
				5D016C161F91494A00D9FCB1 /* Frameworks */,
				5D016C171F91494A00D9FCB1 /* Resources */,
			);
			buildRules = (
			);
			dependencies = (
			);
			name = "watchTracker Extension";
			productName = "watchTracker Extension";
			productReference = 5D016C191F91494A00D9FCB1 /* watchTracker Extension.appex */;
			productType = "com.apple.product-type.watchkit2-extension";
		};
/* End PBXNativeTarget section */

/* Begin PBXProject section */
		5D016BE11F912F4600D9FCB1 /* Project object */ = {
			isa = PBXProject;
			attributes = {
				LastSwiftUpdateCheck = 0900;
				LastUpgradeCheck = 0900;
				ORGANIZATIONNAME = "Mark Presley";
				TargetAttributes = {
					5D016BE81F912F4600D9FCB1 = {
						CreatedOnToolsVersion = 9.0;
						ProvisioningStyle = Automatic;
					};
					5D016C0C1F91494900D9FCB1 = {
						CreatedOnToolsVersion = 9.0;
						ProvisioningStyle = Automatic;
					};
					5D016C181F91494A00D9FCB1 = {
						CreatedOnToolsVersion = 9.0;
						ProvisioningStyle = Automatic;
					};
				};
			};
			buildConfigurationList = 5D016BE41F912F4600D9FCB1 /* Build configuration list for PBXProject "findFriendsGOT" */;
			compatibilityVersion = "Xcode 8.0";
			developmentRegion = en;
			hasScannedForEncodings = 0;
			knownRegions = (
				en,
				Base,
			);
			mainGroup = 5D016BE01F912F4600D9FCB1;
			productRefGroup = 5D016BEA1F912F4600D9FCB1 /* Products */;
			projectDirPath = "";
			projectRoot = "";
			targets = (
				5D016BE81F912F4600D9FCB1 /* findFriendsGOT */,
				5D016C0C1F91494900D9FCB1 /* watchTracker */,
				5D016C181F91494A00D9FCB1 /* watchTracker Extension */,
			);
		};
/* End PBXProject section */

/* Begin PBXResourcesBuildPhase section */
		5D016BE71F912F4600D9FCB1 /* Resources */ = {
			isa = PBXResourcesBuildPhase;
			buildActionMask = 2147483647;
			files = (
				5D016BF71F912F4600D9FCB1 /* LaunchScreen.storyboard in Resources */,
				5D016C331F914C1000D9FCB1 /* Assets.xcassets in Resources */,
				5D016BF21F912F4600D9FCB1 /* Main.storyboard in Resources */,
			);
			runOnlyForDeploymentPostprocessing = 0;
		};
		5D016C0B1F91494900D9FCB1 /* Resources */ = {
			isa = PBXResourcesBuildPhase;
			buildActionMask = 2147483647;
			files = (
				5D016C131F91494900D9FCB1 /* Assets.xcassets in Resources */,
				5D016C321F9149A100D9FCB1 /* Assets.xcassets in Resources */,
				5D016C111F91494900D9FCB1 /* Interface.storyboard in Resources */,
			);
			runOnlyForDeploymentPostprocessing = 0;
		};
		5D016C171F91494A00D9FCB1 /* Resources */ = {
			isa = PBXResourcesBuildPhase;
			buildActionMask = 2147483647;
			files = (
				5D016C381F94F2F600D9FCB1 /* Assets.xcassets in Resources */,
				5D016C391F94F32D00D9FCB1 /* Assets.xcassets in Resources */,
				5D016C251F91494A00D9FCB1 /* Assets.xcassets in Resources */,
			);
			runOnlyForDeploymentPostprocessing = 0;
		};
/* End PBXResourcesBuildPhase section */

/* Begin PBXSourcesBuildPhase section */
		5D016BE51F912F4600D9FCB1 /* Sources */ = {
			isa = PBXSourcesBuildPhase;
			buildActionMask = 2147483647;
			files = (
				5D016C061F913FD700D9FCB1 /* ContactTableViewCell.swift in Sources */,
				5D016C041F913CED00D9FCB1 /* Constants.swift in Sources */,
				5D016C0A1F91491000D9FCB1 /* WatchConnectivityManager.swift in Sources */,
				5D016BFF1F91373900D9FCB1 /* Model.swift in Sources */,
				5D016C081F91403000D9FCB1 /* ContactDetailViewController.swift in Sources */,
				5D016BEF1F912F4600D9FCB1 /* ViewController.swift in Sources */,
				5D016C021F913B1B00D9FCB1 /* ContactsTableViewController.swift in Sources */,
				5D016BED1F912F4600D9FCB1 /* AppDelegate.swift in Sources */,
			);
			runOnlyForDeploymentPostprocessing = 0;
		};
		5D016C151F91494A00D9FCB1 /* Sources */ = {
			isa = PBXSourcesBuildPhase;
			buildActionMask = 2147483647;
			files = (
				5D016C351F9152D500D9FCB1 /* Constants.swift in Sources */,
				5D016C211F91494A00D9FCB1 /* ExtensionDelegate.swift in Sources */,
				5D016C1F1F91494A00D9FCB1 /* InterfaceController.swift in Sources */,
				5D016C231F91494A00D9FCB1 /* ComplicationController.swift in Sources */,
				5D016C341F91528500D9FCB1 /* Model.swift in Sources */,
			);
			runOnlyForDeploymentPostprocessing = 0;
		};
/* End PBXSourcesBuildPhase section */

/* Begin PBXTargetDependency section */
		5D016C1C1F91494A00D9FCB1 /* PBXTargetDependency */ = {
			isa = PBXTargetDependency;
			target = 5D016C181F91494A00D9FCB1 /* watchTracker Extension */;
			targetProxy = 5D016C1B1F91494A00D9FCB1 /* PBXContainerItemProxy */;
		};
		5D016C281F91494A00D9FCB1 /* PBXTargetDependency */ = {
			isa = PBXTargetDependency;
			target = 5D016C0C1F91494900D9FCB1 /* watchTracker */;
			targetProxy = 5D016C271F91494A00D9FCB1 /* PBXContainerItemProxy */;
		};
/* End PBXTargetDependency section */

/* Begin PBXVariantGroup section */
		5D016BF01F912F4600D9FCB1 /* Main.storyboard */ = {
			isa = PBXVariantGroup;
			children = (
				5D016BF11F912F4600D9FCB1 /* Base */,
			);
			name = Main.storyboard;
			sourceTree = "<group>";
		};
		5D016BF51F912F4600D9FCB1 /* LaunchScreen.storyboard */ = {
			isa = PBXVariantGroup;
			children = (
				5D016BF61F912F4600D9FCB1 /* Base */,
			);
			name = LaunchScreen.storyboard;
			sourceTree = "<group>";
		};
		5D016C0F1F91494900D9FCB1 /* Interface.storyboard */ = {
			isa = PBXVariantGroup;
			children = (
				5D016C101F91494900D9FCB1 /* Base */,
			);
			name = Interface.storyboard;
			sourceTree = "<group>";
		};
/* End PBXVariantGroup section */

/* Begin XCBuildConfiguration section */
		5D016BF91F912F4600D9FCB1 /* Debug */ = {
			isa = XCBuildConfiguration;
			buildSettings = {
				ALWAYS_SEARCH_USER_PATHS = NO;
				CLANG_ANALYZER_NONNULL = YES;
				CLANG_ANALYZER_NUMBER_OBJECT_CONVERSION = YES_AGGRESSIVE;
				CLANG_CXX_LANGUAGE_STANDARD = "gnu++14";
				CLANG_CXX_LIBRARY = "libc++";
				CLANG_ENABLE_MODULES = YES;
				CLANG_ENABLE_OBJC_ARC = YES;
				CLANG_WARN_BLOCK_CAPTURE_AUTORELEASING = YES;
				CLANG_WARN_BOOL_CONVERSION = YES;
				CLANG_WARN_COMMA = YES;
				CLANG_WARN_CONSTANT_CONVERSION = YES;
				CLANG_WARN_DIRECT_OBJC_ISA_USAGE = YES_ERROR;
				CLANG_WARN_DOCUMENTATION_COMMENTS = YES;
				CLANG_WARN_EMPTY_BODY = YES;
				CLANG_WARN_ENUM_CONVERSION = YES;
				CLANG_WARN_INFINITE_RECURSION = YES;
				CLANG_WARN_INT_CONVERSION = YES;
				CLANG_WARN_NON_LITERAL_NULL_CONVERSION = YES;
				CLANG_WARN_OBJC_LITERAL_CONVERSION = YES;
				CLANG_WARN_OBJC_ROOT_CLASS = YES_ERROR;
				CLANG_WARN_RANGE_LOOP_ANALYSIS = YES;
				CLANG_WARN_STRICT_PROTOTYPES = YES;
				CLANG_WARN_SUSPICIOUS_MOVE = YES;
				CLANG_WARN_UNGUARDED_AVAILABILITY = YES_AGGRESSIVE;
				CLANG_WARN_UNREACHABLE_CODE = YES;
				CLANG_WARN__DUPLICATE_METHOD_MATCH = YES;
				CODE_SIGN_IDENTITY = "iPhone Developer";
				COPY_PHASE_STRIP = NO;
				DEBUG_INFORMATION_FORMAT = dwarf;
				ENABLE_STRICT_OBJC_MSGSEND = YES;
				ENABLE_TESTABILITY = YES;
				GCC_C_LANGUAGE_STANDARD = gnu11;
				GCC_DYNAMIC_NO_PIC = NO;
				GCC_NO_COMMON_BLOCKS = YES;
				GCC_OPTIMIZATION_LEVEL = 0;
				GCC_PREPROCESSOR_DEFINITIONS = (
					"DEBUG=1",
					"$(inherited)",
				);
				GCC_WARN_64_TO_32_BIT_CONVERSION = YES;
				GCC_WARN_ABOUT_RETURN_TYPE = YES_ERROR;
				GCC_WARN_UNDECLARED_SELECTOR = YES;
				GCC_WARN_UNINITIALIZED_AUTOS = YES_AGGRESSIVE;
				GCC_WARN_UNUSED_FUNCTION = YES;
				GCC_WARN_UNUSED_VARIABLE = YES;
				IPHONEOS_DEPLOYMENT_TARGET = 11.0;
				MTL_ENABLE_DEBUG_INFO = YES;
				ONLY_ACTIVE_ARCH = YES;
				SDKROOT = iphoneos;
				SWIFT_ACTIVE_COMPILATION_CONDITIONS = DEBUG;
				SWIFT_OPTIMIZATION_LEVEL = "-Onone";
			};
			name = Debug;
		};
		5D016BFA1F912F4600D9FCB1 /* Release */ = {
			isa = XCBuildConfiguration;
			buildSettings = {
				ALWAYS_SEARCH_USER_PATHS = NO;
				CLANG_ANALYZER_NONNULL = YES;
				CLANG_ANALYZER_NUMBER_OBJECT_CONVERSION = YES_AGGRESSIVE;
				CLANG_CXX_LANGUAGE_STANDARD = "gnu++14";
				CLANG_CXX_LIBRARY = "libc++";
				CLANG_ENABLE_MODULES = YES;
				CLANG_ENABLE_OBJC_ARC = YES;
				CLANG_WARN_BLOCK_CAPTURE_AUTORELEASING = YES;
				CLANG_WARN_BOOL_CONVERSION = YES;
				CLANG_WARN_COMMA = YES;
				CLANG_WARN_CONSTANT_CONVERSION = YES;
				CLANG_WARN_DIRECT_OBJC_ISA_USAGE = YES_ERROR;
				CLANG_WARN_DOCUMENTATION_COMMENTS = YES;
				CLANG_WARN_EMPTY_BODY = YES;
				CLANG_WARN_ENUM_CONVERSION = YES;
				CLANG_WARN_INFINITE_RECURSION = YES;
				CLANG_WARN_INT_CONVERSION = YES;
				CLANG_WARN_NON_LITERAL_NULL_CONVERSION = YES;
				CLANG_WARN_OBJC_LITERAL_CONVERSION = YES;
				CLANG_WARN_OBJC_ROOT_CLASS = YES_ERROR;
				CLANG_WARN_RANGE_LOOP_ANALYSIS = YES;
				CLANG_WARN_STRICT_PROTOTYPES = YES;
				CLANG_WARN_SUSPICIOUS_MOVE = YES;
				CLANG_WARN_UNGUARDED_AVAILABILITY = YES_AGGRESSIVE;
				CLANG_WARN_UNREACHABLE_CODE = YES;
				CLANG_WARN__DUPLICATE_METHOD_MATCH = YES;
				CODE_SIGN_IDENTITY = "iPhone Developer";
				COPY_PHASE_STRIP = NO;
				DEBUG_INFORMATION_FORMAT = "dwarf-with-dsym";
				ENABLE_NS_ASSERTIONS = NO;
				ENABLE_STRICT_OBJC_MSGSEND = YES;
				GCC_C_LANGUAGE_STANDARD = gnu11;
				GCC_NO_COMMON_BLOCKS = YES;
				GCC_WARN_64_TO_32_BIT_CONVERSION = YES;
				GCC_WARN_ABOUT_RETURN_TYPE = YES_ERROR;
				GCC_WARN_UNDECLARED_SELECTOR = YES;
				GCC_WARN_UNINITIALIZED_AUTOS = YES_AGGRESSIVE;
				GCC_WARN_UNUSED_FUNCTION = YES;
				GCC_WARN_UNUSED_VARIABLE = YES;
				IPHONEOS_DEPLOYMENT_TARGET = 11.0;
				MTL_ENABLE_DEBUG_INFO = NO;
				SDKROOT = iphoneos;
				SWIFT_OPTIMIZATION_LEVEL = "-Owholemodule";
				VALIDATE_PRODUCT = YES;
			};
			name = Release;
		};
		5D016BFC1F912F4600D9FCB1 /* Debug */ = {
			isa = XCBuildConfiguration;
			buildSettings = {
				ASSETCATALOG_COMPILER_APPICON_NAME = AppIcon;
				CODE_SIGN_STYLE = Automatic;
				DEVELOPMENT_TEAM = 5UMBT9L28A;
				INFOPLIST_FILE = findFriendsGOT/Info.plist;
				LD_RUNPATH_SEARCH_PATHS = "$(inherited) @executable_path/Frameworks";
				PRODUCT_BUNDLE_IDENTIFIER = com.vandyhacks17.findFriendsGOT;
				PRODUCT_NAME = "$(TARGET_NAME)";
				SWIFT_VERSION = 4.0;
				TARGETED_DEVICE_FAMILY = 1;
			};
			name = Debug;
		};
		5D016BFD1F912F4600D9FCB1 /* Release */ = {
			isa = XCBuildConfiguration;
			buildSettings = {
				ASSETCATALOG_COMPILER_APPICON_NAME = AppIcon;
				CODE_SIGN_STYLE = Automatic;
				DEVELOPMENT_TEAM = 5UMBT9L28A;
				INFOPLIST_FILE = findFriendsGOT/Info.plist;
				LD_RUNPATH_SEARCH_PATHS = "$(inherited) @executable_path/Frameworks";
				PRODUCT_BUNDLE_IDENTIFIER = com.vandyhacks17.findFriendsGOT;
				PRODUCT_NAME = "$(TARGET_NAME)";
				SWIFT_VERSION = 4.0;
				TARGETED_DEVICE_FAMILY = 1;
			};
			name = Release;
		};
		5D016C2B1F91494A00D9FCB1 /* Debug */ = {
			isa = XCBuildConfiguration;
			buildSettings = {
				ASSETCATALOG_COMPILER_COMPLICATION_NAME = Complication;
				CODE_SIGN_STYLE = Automatic;
				DEVELOPMENT_TEAM = 5UMBT9L28A;
				INFOPLIST_FILE = "watchTracker Extension/Info.plist";
				LD_RUNPATH_SEARCH_PATHS = "$(inherited) @executable_path/Frameworks @executable_path/../../Frameworks";
				PRODUCT_BUNDLE_IDENTIFIER = com.vandyhacks17.findFriendsGOT.watchkitapp.watchkitextension;
				PRODUCT_NAME = "${TARGET_NAME}";
				SDKROOT = watchos;
				SKIP_INSTALL = YES;
				SWIFT_VERSION = 4.0;
				TARGETED_DEVICE_FAMILY = 4;
				WATCHOS_DEPLOYMENT_TARGET = 4.0;
			};
			name = Debug;
		};
		5D016C2C1F91494A00D9FCB1 /* Release */ = {
			isa = XCBuildConfiguration;
			buildSettings = {
				ASSETCATALOG_COMPILER_COMPLICATION_NAME = Complication;
				CODE_SIGN_STYLE = Automatic;
				DEVELOPMENT_TEAM = 5UMBT9L28A;
				INFOPLIST_FILE = "watchTracker Extension/Info.plist";
				LD_RUNPATH_SEARCH_PATHS = "$(inherited) @executable_path/Frameworks @executable_path/../../Frameworks";
				PRODUCT_BUNDLE_IDENTIFIER = com.vandyhacks17.findFriendsGOT.watchkitapp.watchkitextension;
				PRODUCT_NAME = "${TARGET_NAME}";
				SDKROOT = watchos;
				SKIP_INSTALL = YES;
				SWIFT_VERSION = 4.0;
				TARGETED_DEVICE_FAMILY = 4;
				WATCHOS_DEPLOYMENT_TARGET = 4.0;
			};
			name = Release;
		};
		5D016C2F1F91494A00D9FCB1 /* Debug */ = {
			isa = XCBuildConfiguration;
			buildSettings = {
				ALWAYS_EMBED_SWIFT_STANDARD_LIBRARIES = YES;
				ASSETCATALOG_COMPILER_APPICON_NAME = AppIcon;
				CODE_SIGN_STYLE = Automatic;
				DEVELOPMENT_TEAM = 5UMBT9L28A;
				IBSC_MODULE = watchTracker_Extension;
				INFOPLIST_FILE = watchTracker/Info.plist;
				PRODUCT_BUNDLE_IDENTIFIER = com.vandyhacks17.findFriendsGOT.watchkitapp;
				PRODUCT_NAME = "$(TARGET_NAME)";
				SDKROOT = watchos;
				SKIP_INSTALL = YES;
				SWIFT_VERSION = 4.0;
				TARGETED_DEVICE_FAMILY = 4;
				WATCHOS_DEPLOYMENT_TARGET = 4.0;
			};
			name = Debug;
		};
		5D016C301F91494A00D9FCB1 /* Release */ = {
			isa = XCBuildConfiguration;
			buildSettings = {
				ALWAYS_EMBED_SWIFT_STANDARD_LIBRARIES = YES;
				ASSETCATALOG_COMPILER_APPICON_NAME = AppIcon;
				CODE_SIGN_STYLE = Automatic;
				DEVELOPMENT_TEAM = 5UMBT9L28A;
				IBSC_MODULE = watchTracker_Extension;
				INFOPLIST_FILE = watchTracker/Info.plist;
				PRODUCT_BUNDLE_IDENTIFIER = com.vandyhacks17.findFriendsGOT.watchkitapp;
				PRODUCT_NAME = "$(TARGET_NAME)";
				SDKROOT = watchos;
				SKIP_INSTALL = YES;
				SWIFT_VERSION = 4.0;
				TARGETED_DEVICE_FAMILY = 4;
				WATCHOS_DEPLOYMENT_TARGET = 4.0;
			};
			name = Release;
		};
/* End XCBuildConfiguration section */

/* Begin XCConfigurationList section */
		5D016BE41F912F4600D9FCB1 /* Build configuration list for PBXProject "findFriendsGOT" */ = {
			isa = XCConfigurationList;
			buildConfigurations = (
				5D016BF91F912F4600D9FCB1 /* Debug */,
				5D016BFA1F912F4600D9FCB1 /* Release */,
			);
			defaultConfigurationIsVisible = 0;
			defaultConfigurationName = Release;
		};
		5D016BFB1F912F4600D9FCB1 /* Build configuration list for PBXNativeTarget "findFriendsGOT" */ = {
			isa = XCConfigurationList;
			buildConfigurations = (
				5D016BFC1F912F4600D9FCB1 /* Debug */,
				5D016BFD1F912F4600D9FCB1 /* Release */,
			);
			defaultConfigurationIsVisible = 0;
			defaultConfigurationName = Release;
		};
		5D016C2A1F91494A00D9FCB1 /* Build configuration list for PBXNativeTarget "watchTracker Extension" */ = {
			isa = XCConfigurationList;
			buildConfigurations = (
				5D016C2B1F91494A00D9FCB1 /* Debug */,
				5D016C2C1F91494A00D9FCB1 /* Release */,
			);
			defaultConfigurationIsVisible = 0;
			defaultConfigurationName = Release;
		};
		5D016C2E1F91494A00D9FCB1 /* Build configuration list for PBXNativeTarget "watchTracker" */ = {
			isa = XCConfigurationList;
			buildConfigurations = (
				5D016C2F1F91494A00D9FCB1 /* Debug */,
				5D016C301F91494A00D9FCB1 /* Release */,
			);
			defaultConfigurationIsVisible = 0;
			defaultConfigurationName = Release;
		};
/* End XCConfigurationList section */
	};
	rootObject = 5D016BE11F912F4600D9FCB1 /* Project object */;
}
